
Microsoft Visual Studio Solution File, Format Version 12.00
# Visual Studio 14
VisualStudioVersion = 14.0.25420.1
MinimumVisualStudioVersion = 10.0.40219.1
Project("{8BC9CEB8-8B4A-11D0-8D11-00A0C91BC942}") = "pandemic", "pandemic.vcxproj", "{CA147893-4385-4BB3-9792-B0211EE37130}"
EndProject
Project("{8BC9CEB8-8B4A-11D0-8D11-00A0C91BC942}") = "DeanLib", "..\shared\DeanLib\DeanLib.vcxproj", "{DB900E08-5331-46D6-B450-6775A2C7C856}"
EndProject
Global
	GlobalSection(SolutionConfigurationPlatforms) = preSolution
		Debug|x64 = Debug|x64
		Debug|x86 = Debug|x86
		Release|x64 = Release|x64
		Release|x86 = Release|x86
	EndGlobalSection
	GlobalSection(ProjectConfigurationPlatforms) = postSolution
		{CA147893-4385-4BB3-9792-B0211EE37130}.Debug|x64.ActiveCfg = Debug|x64
		{CA147893-4385-4BB3-9792-B0211EE37130}.Debug|x64.Build.0 = Debug|x64
		{CA147893-4385-4BB3-9792-B0211EE37130}.Debug|x86.ActiveCfg = Debug|Win32
		{CA147893-4385-4BB3-9792-B0211EE37130}.Debug|x86.Build.0 = Debug|Win32
		{CA147893-4385-4BB3-9792-B0211EE37130}.Release|x64.ActiveCfg = Release|x64
		{CA147893-4385-4BB3-9792-B0211EE37130}.Release|x64.Build.0 = Release|x64
		{CA147893-4385-4BB3-9792-B0211EE37130}.Release|x86.ActiveCfg = Release|Win32
		{CA147893-4385-4BB3-9792-B0211EE37130}.Release|x86.Build.0 = Release|Win32
		{DB900E08-5331-46D6-B450-6775A2C7C856}.Debug|x64.ActiveCfg = Debug|x64
		{DB900E08-5331-46D6-B450-6775A2C7C856}.Debug|x64.Build.0 = Debug|x64
		{DB900E08-5331-46D6-B450-6775A2C7C856}.Debug|x86.ActiveCfg = Debug|Win32
		{DB900E08-5331-46D6-B450-6775A2C7C856}.Debug|x86.Build.0 = Debug|Win32
		{DB900E08-5331-46D6-B450-6775A2C7C856}.Release|x64.ActiveCfg = Release|x64
		{DB900E08-5331-46D6-B450-6775A2C7C856}.Release|x64.Build.0 = Release|x64
		{DB900E08-5331-46D6-B450-6775A2C7C856}.Release|x86.ActiveCfg = Release|Win32
		{DB900E08-5331-46D6-B450-6775A2C7C856}.Release|x86.Build.0 = Release|Win32
	EndGlobalSection
	GlobalSection(SolutionProperties) = preSolution
		HideSolutionNode = FALSE
	EndGlobalSection
EndGlobal
